
Microsoft Visual Studio Solution File, Format Version 12.00
# Visual Studio Version 17
VisualStudioVersion = 17.2.32616.157
MinimumVisualStudioVersion = 10.0.40219.1
Project("{FAE04EC0-301F-11D3-BF4B-00C04F79EFBC}") = "HotelManagementSW", "HotelManagementSW\HotelManagementSW.csproj", "{87365465-4D52-4B12-9A3A-DFBADDB9CF00}"
EndProject
Global
	GlobalSection(SolutionConfigurationPlatforms) = preSolution
		Debug|Any CPU = Debug|Any CPU
		Release|Any CPU = Release|Any CPU
	EndGlobalSection
	GlobalSection(ProjectConfigurationPlatforms) = postSolution
		{87365465-4D52-4B12-9A3A-DFBADDB9CF00}.Debug|Any CPU.ActiveCfg = Debug|Any CPU
		{87365465-4D52-4B12-9A3A-DFBADDB9CF00}.Debug|Any CPU.Build.0 = Debug|Any CPU
		{87365465-4D52-4B12-9A3A-DFBADDB9CF00}.Release|Any CPU.ActiveCfg = Release|Any CPU
		{87365465-4D52-4B12-9A3A-DFBADDB9CF00}.Release|Any CPU.Build.0 = Release|Any CPU
	EndGlobalSection
	GlobalSection(SolutionProperties) = preSolution
		HideSolutionNode = FALSE
	EndGlobalSection
	GlobalSection(ExtensibilityGlobals) = postSolution
		SolutionGuid = {00F12E4D-1C59-4A2A-81F3-B7689CB42BEB}
	EndGlobalSection
EndGlobal
